
Microsoft Visual Studio Solution File, Format Version 12.00
# Visual Studio 15
VisualStudioVersion = 15.0.26814.1
MinimumVisualStudioVersion = 10.0.40219.1
Project("{FAE04EC0-301F-11D3-BF4B-00C04F79EFBC}") = "Northwind.NET.DAL", "Northwind.NET.DAL\Northwind.NET.DAL.csproj", "{B8B87CA5-F4A1-4826-A905-C143885BE5C4}"
EndProject
Project("{FAE04EC0-301F-11D3-BF4B-00C04F79EFBC}") = "Northwind.NET.BLL", "Northwind.NET.BLL\Northwind.NET.BLL.csproj", "{C698FD23-B175-4869-BDDA-829C8472A846}"
EndProject
Project("{FAE04EC0-301F-11D3-BF4B-00C04F79EFBC}") = "Northwind.NET.WinForms", "Northwind.NET.WinForms\Northwind.NET.WinForms.csproj", "{8EC5F925-FFF3-48B9-9736-A472564BACE0}"
EndProject
Project("{9A19103F-16F7-4668-BE54-9A1E7A4F7556}") = "Northwind.Std.BLL", "Northwind.Std.BLL\Northwind.Std.BLL.csproj", "{1BF5261C-B53B-4399-8842-9968E7808468}"
EndProject
Project("{9A19103F-16F7-4668-BE54-9A1E7A4F7556}") = "Northwind.Std.DAL", "Northwind.Std.DAL\Northwind.Std.DAL.csproj", "{DEFBA7A4-F725-4AD1-8E24-B8E5B8A10FE2}"
EndProject
Project("{FAE04EC0-301F-11D3-BF4B-00C04F79EFBC}") = "Northwind.UWP.UI", "Northwind.UWP.UI\Northwind.UWP.UI.csproj", "{C60FB65D-622F-44BA-A52E-D353F02973CC}"
EndProject
Project("{2150E333-8FDC-42A3-9474-1A3956D46DE8}") = ".NET Framework", ".NET Framework", "{E8934993-198C-4E78-BC9C-4ABDC3612B67}"
EndProject
Project("{2150E333-8FDC-42A3-9474-1A3956D46DE8}") = ".NET Standard", ".NET Standard", "{1EB42EB7-679E-4FAA-A429-AE406A971032}"
EndProject
Project("{2150E333-8FDC-42A3-9474-1A3956D46DE8}") = "UWP", "UWP", "{7C07A015-0EEC-4CE1-B9DA-93BD04BF06ED}"
EndProject
Project("{2150E333-8FDC-42A3-9474-1A3956D46DE8}") = "ReferencedAssemblies", "ReferencedAssemblies", "{6CE0208B-3C3B-4D68-9303-A3146E021BC0}"
	ProjectSection(SolutionItems) = preProject
		ReferencedAssemblies\System.Data.DataSetExtensions.dll = ReferencedAssemblies\System.Data.DataSetExtensions.dll
	EndProjectSection
EndProject
Global
	GlobalSection(SolutionConfigurationPlatforms) = preSolution
		Debug|Any CPU = Debug|Any CPU
		Debug|ARM = Debug|ARM
		Debug|x64 = Debug|x64
		Debug|x86 = Debug|x86
		Release|Any CPU = Release|Any CPU
		Release|ARM = Release|ARM
		Release|x64 = Release|x64
		Release|x86 = Release|x86
		ReleaseTrial|Any CPU = ReleaseTrial|Any CPU
		ReleaseTrial|ARM = ReleaseTrial|ARM
		ReleaseTrial|x64 = ReleaseTrial|x64
		ReleaseTrial|x86 = ReleaseTrial|x86
	EndGlobalSection
	GlobalSection(ProjectConfigurationPlatforms) = postSolution
		{B8B87CA5-F4A1-4826-A905-C143885BE5C4}.Debug|Any CPU.ActiveCfg = Debug|Any CPU
		{B8B87CA5-F4A1-4826-A905-C143885BE5C4}.Debug|Any CPU.Build.0 = Debug|Any CPU
		{B8B87CA5-F4A1-4826-A905-C143885BE5C4}.Debug|ARM.ActiveCfg = Debug|Any CPU
		{B8B87CA5-F4A1-4826-A905-C143885BE5C4}.Debug|ARM.Build.0 = Debug|Any CPU
		{B8B87CA5-F4A1-4826-A905-C143885BE5C4}.Debug|x64.ActiveCfg = Debug|Any CPU
		{B8B87CA5-F4A1-4826-A905-C143885BE5C4}.Debug|x64.Build.0 = Debug|Any CPU
		{B8B87CA5-F4A1-4826-A905-C143885BE5C4}.Debug|x86.ActiveCfg = Debug|Any CPU
		{B8B87CA5-F4A1-4826-A905-C143885BE5C4}.Debug|x86.Build.0 = Debug|Any CPU
		{B8B87CA5-F4A1-4826-A905-C143885BE5C4}.Release|Any CPU.ActiveCfg = Release|Any CPU
		{B8B87CA5-F4A1-4826-A905-C143885BE5C4}.Release|Any CPU.Build.0 = Release|Any CPU
		{B8B87CA5-F4A1-4826-A905-C143885BE5C4}.Release|ARM.ActiveCfg = Release|Any CPU
		{B8B87CA5-F4A1-4826-A905-C143885BE5C4}.Release|ARM.Build.0 = Release|Any CPU
		{B8B87CA5-F4A1-4826-A905-C143885BE5C4}.Release|x64.ActiveCfg = Release|Any CPU
		{B8B87CA5-F4A1-4826-A905-C143885BE5C4}.Release|x64.Build.0 = Release|Any CPU
		{B8B87CA5-F4A1-4826-A905-C143885BE5C4}.Release|x86.ActiveCfg = Release|Any CPU
		{B8B87CA5-F4A1-4826-A905-C143885BE5C4}.Release|x86.Build.0 = Release|Any CPU
		{B8B87CA5-F4A1-4826-A905-C143885BE5C4}.ReleaseTrial|Any CPU.ActiveCfg = Release|Any CPU
		{B8B87CA5-F4A1-4826-A905-C143885BE5C4}.ReleaseTrial|Any CPU.Build.0 = Release|Any CPU
		{B8B87CA5-F4A1-4826-A905-C143885BE5C4}.ReleaseTrial|ARM.ActiveCfg = Release|Any CPU
		{B8B87CA5-F4A1-4826-A905-C143885BE5C4}.ReleaseTrial|ARM.Build.0 = Release|Any CPU
		{B8B87CA5-F4A1-4826-A905-C143885BE5C4}.ReleaseTrial|x64.ActiveCfg = Release|Any CPU
		{B8B87CA5-F4A1-4826-A905-C143885BE5C4}.ReleaseTrial|x64.Build.0 = Release|Any CPU
		{B8B87CA5-F4A1-4826-A905-C143885BE5C4}.ReleaseTrial|x86.ActiveCfg = Release|Any CPU
		{B8B87CA5-F4A1-4826-A905-C143885BE5C4}.ReleaseTrial|x86.Build.0 = Release|Any CPU
		{C698FD23-B175-4869-BDDA-829C8472A846}.Debug|Any CPU.ActiveCfg = Debug|Any CPU
		{C698FD23-B175-4869-BDDA-829C8472A846}.Debug|Any CPU.Build.0 = Debug|Any CPU
		{C698FD23-B175-4869-BDDA-829C8472A846}.Debug|ARM.ActiveCfg = Debug|Any CPU
		{C698FD23-B175-4869-BDDA-829C8472A846}.Debug|ARM.Build.0 = Debug|Any CPU
		{C698FD23-B175-4869-BDDA-829C8472A846}.Debug|x64.ActiveCfg = Debug|Any CPU
		{C698FD23-B175-4869-BDDA-829C8472A846}.Debug|x64.Build.0 = Debug|Any CPU
		{C698FD23-B175-4869-BDDA-829C8472A846}.Debug|x86.ActiveCfg = Debug|Any CPU
		{C698FD23-B175-4869-BDDA-829C8472A846}.Debug|x86.Build.0 = Debug|Any CPU
		{C698FD23-B175-4869-BDDA-829C8472A846}.Release|Any CPU.ActiveCfg = Release|Any CPU
		{C698FD23-B175-4869-BDDA-829C8472A846}.Release|Any CPU.Build.0 = Release|Any CPU
		{C698FD23-B175-4869-BDDA-829C8472A846}.Release|ARM.ActiveCfg = Release|Any CPU
		{C698FD23-B175-4869-BDDA-829C8472A846}.Release|ARM.Build.0 = Release|Any CPU
		{C698FD23-B175-4869-BDDA-829C8472A846}.Release|x64.ActiveCfg = Release|Any CPU
		{C698FD23-B175-4869-BDDA-829C8472A846}.Release|x64.Build.0 = Release|Any CPU
		{C698FD23-B175-4869-BDDA-829C8472A846}.Release|x86.ActiveCfg = Release|Any CPU
		{C698FD23-B175-4869-BDDA-829C8472A846}.Release|x86.Build.0 = Release|Any CPU
		{C698FD23-B175-4869-BDDA-829C8472A846}.ReleaseTrial|Any CPU.ActiveCfg = Release|Any CPU
		{C698FD23-B175-4869-BDDA-829C8472A846}.ReleaseTrial|Any CPU.Build.0 = Release|Any CPU
		{C698FD23-B175-4869-BDDA-829C8472A846}.ReleaseTrial|ARM.ActiveCfg = Release|Any CPU
		{C698FD23-B175-4869-BDDA-829C8472A846}.ReleaseTrial|ARM.Build.0 = Release|Any CPU
		{C698FD23-B175-4869-BDDA-829C8472A846}.ReleaseTrial|x64.ActiveCfg = Release|Any CPU
		{C698FD23-B175-4869-BDDA-829C8472A846}.ReleaseTrial|x64.Build.0 = Release|Any CPU
		{C698FD23-B175-4869-BDDA-829C8472A846}.ReleaseTrial|x86.ActiveCfg = Release|Any CPU
		{C698FD23-B175-4869-BDDA-829C8472A846}.ReleaseTrial|x86.Build.0 = Release|Any CPU
		{8EC5F925-FFF3-48B9-9736-A472564BACE0}.Debug|Any CPU.ActiveCfg = Debug|Any CPU
		{8EC5F925-FFF3-48B9-9736-A472564BACE0}.Debug|Any CPU.Build.0 = Debug|Any CPU
		{8EC5F925-FFF3-48B9-9736-A472564BACE0}.Debug|ARM.ActiveCfg = Debug|Any CPU
		{8EC5F925-FFF3-48B9-9736-A472564BACE0}.Debug|ARM.Build.0 = Debug|Any CPU
		{8EC5F925-FFF3-48B9-9736-A472564BACE0}.Debug|x64.ActiveCfg = Debug|Any CPU
		{8EC5F925-FFF3-48B9-9736-A472564BACE0}.Debug|x64.Build.0 = Debug|Any CPU
		{8EC5F925-FFF3-48B9-9736-A472564BACE0}.Debug|x86.ActiveCfg = Debug|Any CPU
		{8EC5F925-FFF3-48B9-9736-A472564BACE0}.Debug|x86.Build.0 = Debug|Any CPU
		{8EC5F925-FFF3-48B9-9736-A472564BACE0}.Release|Any CPU.ActiveCfg = Release|Any CPU
		{8EC5F925-FFF3-48B9-9736-A472564BACE0}.Release|Any CPU.Build.0 = Release|Any CPU
		{8EC5F925-FFF3-48B9-9736-A472564BACE0}.Release|ARM.ActiveCfg = Release|Any CPU
		{8EC5F925-FFF3-48B9-9736-A472564BACE0}.Release|ARM.Build.0 = Release|Any CPU
		{8EC5F925-FFF3-48B9-9736-A472564BACE0}.Release|x64.ActiveCfg = Release|Any CPU
		{8EC5F925-FFF3-48B9-9736-A472564BACE0}.Release|x64.Build.0 = Release|Any CPU
		{8EC5F925-FFF3-48B9-9736-A472564BACE0}.Release|x86.ActiveCfg = Release|Any CPU
		{8EC5F925-FFF3-48B9-9736-A472564BACE0}.Release|x86.Build.0 = Release|Any CPU
		{8EC5F925-FFF3-48B9-9736-A472564BACE0}.ReleaseTrial|Any CPU.ActiveCfg = Release|Any CPU
		{8EC5F925-FFF3-48B9-9736-A472564BACE0}.ReleaseTrial|Any CPU.Build.0 = Release|Any CPU
		{8EC5F925-FFF3-48B9-9736-A472564BACE0}.ReleaseTrial|ARM.ActiveCfg = Release|Any CPU
		{8EC5F925-FFF3-48B9-9736-A472564BACE0}.ReleaseTrial|ARM.Build.0 = Release|Any CPU
		{8EC5F925-FFF3-48B9-9736-A472564BACE0}.ReleaseTrial|x64.ActiveCfg = Release|Any CPU
		{8EC5F925-FFF3-48B9-9736-A472564BACE0}.ReleaseTrial|x64.Build.0 = Release|Any CPU
		{8EC5F925-FFF3-48B9-9736-A472564BACE0}.ReleaseTrial|x86.ActiveCfg = Release|Any CPU
		{8EC5F925-FFF3-48B9-9736-A472564BACE0}.ReleaseTrial|x86.Build.0 = Release|Any CPU
		{1BF5261C-B53B-4399-8842-9968E7808468}.Debug|Any CPU.ActiveCfg = Debug|Any CPU
		{1BF5261C-B53B-4399-8842-9968E7808468}.Debug|Any CPU.Build.0 = Debug|Any CPU
		{1BF5261C-B53B-4399-8842-9968E7808468}.Debug|ARM.ActiveCfg = Debug|Any CPU
		{1BF5261C-B53B-4399-8842-9968E7808468}.Debug|ARM.Build.0 = Debug|Any CPU
		{1BF5261C-B53B-4399-8842-9968E7808468}.Debug|x64.ActiveCfg = Debug|Any CPU
		{1BF5261C-B53B-4399-8842-9968E7808468}.Debug|x64.Build.0 = Debug|Any CPU
		{1BF5261C-B53B-4399-8842-9968E7808468}.Debug|x86.ActiveCfg = Debug|Any CPU
		{1BF5261C-B53B-4399-8842-9968E7808468}.Debug|x86.Build.0 = Debug|Any CPU
		{1BF5261C-B53B-4399-8842-9968E7808468}.Release|Any CPU.ActiveCfg = Release|Any CPU
		{1BF5261C-B53B-4399-8842-9968E7808468}.Release|Any CPU.Build.0 = Release|Any CPU
		{1BF5261C-B53B-4399-8842-9968E7808468}.Release|ARM.ActiveCfg = Release|Any CPU
		{1BF5261C-B53B-4399-8842-9968E7808468}.Release|ARM.Build.0 = Release|Any CPU
		{1BF5261C-B53B-4399-8842-9968E7808468}.Release|x64.ActiveCfg = Release|Any CPU
		{1BF5261C-B53B-4399-8842-9968E7808468}.Release|x64.Build.0 = Release|Any CPU
		{1BF5261C-B53B-4399-8842-9968E7808468}.Release|x86.ActiveCfg = Release|Any CPU
		{1BF5261C-B53B-4399-8842-9968E7808468}.Release|x86.Build.0 = Release|Any CPU
		{1BF5261C-B53B-4399-8842-9968E7808468}.ReleaseTrial|Any CPU.ActiveCfg = Release|Any CPU
		{1BF5261C-B53B-4399-8842-9968E7808468}.ReleaseTrial|Any CPU.Build.0 = Release|Any CPU
		{1BF5261C-B53B-4399-8842-9968E7808468}.ReleaseTrial|ARM.ActiveCfg = Release|Any CPU
		{1BF5261C-B53B-4399-8842-9968E7808468}.ReleaseTrial|ARM.Build.0 = Release|Any CPU
		{1BF5261C-B53B-4399-8842-9968E7808468}.ReleaseTrial|x64.ActiveCfg = Release|Any CPU
		{1BF5261C-B53B-4399-8842-9968E7808468}.ReleaseTrial|x64.Build.0 = Release|Any CPU
		{1BF5261C-B53B-4399-8842-9968E7808468}.ReleaseTrial|x86.ActiveCfg = Release|Any CPU
		{1BF5261C-B53B-4399-8842-9968E7808468}.ReleaseTrial|x86.Build.0 = Release|Any CPU
		{DEFBA7A4-F725-4AD1-8E24-B8E5B8A10FE2}.Debug|Any CPU.ActiveCfg = Debug|Any CPU
		{DEFBA7A4-F725-4AD1-8E24-B8E5B8A10FE2}.Debug|Any CPU.Build.0 = Debug|Any CPU
		{DEFBA7A4-F725-4AD1-8E24-B8E5B8A10FE2}.Debug|ARM.ActiveCfg = Debug|Any CPU
		{DEFBA7A4-F725-4AD1-8E24-B8E5B8A10FE2}.Debug|ARM.Build.0 = Debug|Any CPU
		{DEFBA7A4-F725-4AD1-8E24-B8E5B8A10FE2}.Debug|x64.ActiveCfg = Debug|Any CPU
		{DEFBA7A4-F725-4AD1-8E24-B8E5B8A10FE2}.Debug|x64.Build.0 = Debug|Any CPU
		{DEFBA7A4-F725-4AD1-8E24-B8E5B8A10FE2}.Debug|x86.ActiveCfg = Debug|Any CPU
		{DEFBA7A4-F725-4AD1-8E24-B8E5B8A10FE2}.Debug|x86.Build.0 = Debug|Any CPU
		{DEFBA7A4-F725-4AD1-8E24-B8E5B8A10FE2}.Release|Any CPU.ActiveCfg = Release|Any CPU
		{DEFBA7A4-F725-4AD1-8E24-B8E5B8A10FE2}.Release|Any CPU.Build.0 = Release|Any CPU
		{DEFBA7A4-F725-4AD1-8E24-B8E5B8A10FE2}.Release|ARM.ActiveCfg = Release|Any CPU
		{DEFBA7A4-F725-4AD1-8E24-B8E5B8A10FE2}.Release|ARM.Build.0 = Release|Any CPU
		{DEFBA7A4-F725-4AD1-8E24-B8E5B8A10FE2}.Release|x64.ActiveCfg = Release|Any CPU
		{DEFBA7A4-F725-4AD1-8E24-B8E5B8A10FE2}.Release|x64.Build.0 = Release|Any CPU
		{DEFBA7A4-F725-4AD1-8E24-B8E5B8A10FE2}.Release|x86.ActiveCfg = Release|Any CPU
		{DEFBA7A4-F725-4AD1-8E24-B8E5B8A10FE2}.Release|x86.Build.0 = Release|Any CPU
		{DEFBA7A4-F725-4AD1-8E24-B8E5B8A10FE2}.ReleaseTrial|Any CPU.ActiveCfg = Release|Any CPU
		{DEFBA7A4-F725-4AD1-8E24-B8E5B8A10FE2}.ReleaseTrial|Any CPU.Build.0 = Release|Any CPU
		{DEFBA7A4-F725-4AD1-8E24-B8E5B8A10FE2}.ReleaseTrial|ARM.ActiveCfg = Release|Any CPU
		{DEFBA7A4-F725-4AD1-8E24-B8E5B8A10FE2}.ReleaseTrial|ARM.Build.0 = Release|Any CPU
		{DEFBA7A4-F725-4AD1-8E24-B8E5B8A10FE2}.ReleaseTrial|x64.ActiveCfg = Release|Any CPU
		{DEFBA7A4-F725-4AD1-8E24-B8E5B8A10FE2}.ReleaseTrial|x64.Build.0 = Release|Any CPU
		{DEFBA7A4-F725-4AD1-8E24-B8E5B8A10FE2}.ReleaseTrial|x86.ActiveCfg = Release|Any CPU
		{DEFBA7A4-F725-4AD1-8E24-B8E5B8A10FE2}.ReleaseTrial|x86.Build.0 = Release|Any CPU
		{C60FB65D-622F-44BA-A52E-D353F02973CC}.Debug|Any CPU.ActiveCfg = Debug|x86
		{C60FB65D-622F-44BA-A52E-D353F02973CC}.Debug|ARM.ActiveCfg = Debug|ARM
		{C60FB65D-622F-44BA-A52E-D353F02973CC}.Debug|ARM.Build.0 = Debug|ARM
		{C60FB65D-622F-44BA-A52E-D353F02973CC}.Debug|ARM.Deploy.0 = Debug|ARM
		{C60FB65D-622F-44BA-A52E-D353F02973CC}.Debug|x64.ActiveCfg = Debug|x64
		{C60FB65D-622F-44BA-A52E-D353F02973CC}.Debug|x64.Build.0 = Debug|x64
		{C60FB65D-622F-44BA-A52E-D353F02973CC}.Debug|x64.Deploy.0 = Debug|x64
		{C60FB65D-622F-44BA-A52E-D353F02973CC}.Debug|x86.ActiveCfg = Debug|x86
		{C60FB65D-622F-44BA-A52E-D353F02973CC}.Debug|x86.Build.0 = Debug|x86
		{C60FB65D-622F-44BA-A52E-D353F02973CC}.Debug|x86.Deploy.0 = Debug|x86
		{C60FB65D-622F-44BA-A52E-D353F02973CC}.Release|Any CPU.ActiveCfg = Release|x86
		{C60FB65D-622F-44BA-A52E-D353F02973CC}.Release|ARM.ActiveCfg = Release|ARM
		{C60FB65D-622F-44BA-A52E-D353F02973CC}.Release|ARM.Build.0 = Release|ARM
		{C60FB65D-622F-44BA-A52E-D353F02973CC}.Release|ARM.Deploy.0 = Release|ARM
		{C60FB65D-622F-44BA-A52E-D353F02973CC}.Release|x64.ActiveCfg = Release|x64
		{C60FB65D-622F-44BA-A52E-D353F02973CC}.Release|x64.Build.0 = Release|x64
		{C60FB65D-622F-44BA-A52E-D353F02973CC}.Release|x64.Deploy.0 = Release|x64
		{C60FB65D-622F-44BA-A52E-D353F02973CC}.Release|x86.ActiveCfg = Release|x86
		{C60FB65D-622F-44BA-A52E-D353F02973CC}.Release|x86.Build.0 = Release|x86
		{C60FB65D-622F-44BA-A52E-D353F02973CC}.Release|x86.Deploy.0 = Release|x86
		{C60FB65D-622F-44BA-A52E-D353F02973CC}.ReleaseTrial|Any CPU.ActiveCfg = Release|x64
		{C60FB65D-622F-44BA-A52E-D353F02973CC}.ReleaseTrial|Any CPU.Build.0 = Release|x64
		{C60FB65D-622F-44BA-A52E-D353F02973CC}.ReleaseTrial|Any CPU.Deploy.0 = Release|x64
		{C60FB65D-622F-44BA-A52E-D353F02973CC}.ReleaseTrial|ARM.ActiveCfg = Release|ARM
		{C60FB65D-622F-44BA-A52E-D353F02973CC}.ReleaseTrial|ARM.Build.0 = Release|ARM
		{C60FB65D-622F-44BA-A52E-D353F02973CC}.ReleaseTrial|ARM.Deploy.0 = Release|ARM
		{C60FB65D-622F-44BA-A52E-D353F02973CC}.ReleaseTrial|x64.ActiveCfg = Release|x64
		{C60FB65D-622F-44BA-A52E-D353F02973CC}.ReleaseTrial|x64.Build.0 = Release|x64
		{C60FB65D-622F-44BA-A52E-D353F02973CC}.ReleaseTrial|x64.Deploy.0 = Release|x64
		{C60FB65D-622F-44BA-A52E-D353F02973CC}.ReleaseTrial|x86.ActiveCfg = Release|x86
		{C60FB65D-622F-44BA-A52E-D353F02973CC}.ReleaseTrial|x86.Build.0 = Release|x86
		{C60FB65D-622F-44BA-A52E-D353F02973CC}.ReleaseTrial|x86.Deploy.0 = Release|x86
	EndGlobalSection
	GlobalSection(SolutionProperties) = preSolution
		HideSolutionNode = FALSE
	EndGlobalSection
	GlobalSection(NestedProjects) = preSolution
		{B8B87CA5-F4A1-4826-A905-C143885BE5C4} = {E8934993-198C-4E78-BC9C-4ABDC3612B67}
		{C698FD23-B175-4869-BDDA-829C8472A846} = {E8934993-198C-4E78-BC9C-4ABDC3612B67}
		{8EC5F925-FFF3-48B9-9736-A472564BACE0} = {E8934993-198C-4E78-BC9C-4ABDC3612B67}
		{1BF5261C-B53B-4399-8842-9968E7808468} = {1EB42EB7-679E-4FAA-A429-AE406A971032}
		{DEFBA7A4-F725-4AD1-8E24-B8E5B8A10FE2} = {1EB42EB7-679E-4FAA-A429-AE406A971032}
		{C60FB65D-622F-44BA-A52E-D353F02973CC} = {7C07A015-0EEC-4CE1-B9DA-93BD04BF06ED}
	EndGlobalSection
	GlobalSection(ExtensibilityGlobals) = postSolution
		SolutionGuid = {85C9EFB5-80DA-4BFF-9BB7-1717D348002C}
	EndGlobalSection
EndGlobal
